
Microsoft Visual Studio Solution File, Format Version 12.00
# Visual Studio Version 17
VisualStudioVersion = 17.4.33213.308
MinimumVisualStudioVersion = 10.0.40219.1
Project("{9A19103F-16F7-4668-BE54-9A1E7A4F7556}") = "BlazorEcommerce.Server", "BlazorEcommerce\Server\BlazorEcommerce.Server.csproj", "{60280066-EA22-47A5-A53D-387A11B195D9}"
EndProject
Project("{9A19103F-16F7-4668-BE54-9A1E7A4F7556}") = "BlazorEcommerce.Client", "BlazorEcommerce\Client\BlazorEcommerce.Client.csproj", "{FB4C32E1-54CE-4F87-9622-B439550C0640}"
EndProject
Project("{9A19103F-16F7-4668-BE54-9A1E7A4F7556}") = "BlazorEcommerce.Shared", "BlazorEcommerce\Shared\BlazorEcommerce.Shared.csproj", "{E652451D-2971-4D92-AFED-38A8755D11A8}"
EndProject
Global
	GlobalSection(SolutionConfigurationPlatforms) = preSolution
		Debug|Any CPU = Debug|Any CPU
		Release|Any CPU = Release|Any CPU
	EndGlobalSection
	GlobalSection(ProjectConfigurationPlatforms) = postSolution
		{60280066-EA22-47A5-A53D-387A11B195D9}.Debug|Any CPU.ActiveCfg = Debug|Any CPU
		{60280066-EA22-47A5-A53D-387A11B195D9}.Debug|Any CPU.Build.0 = Debug|Any CPU
		{60280066-EA22-47A5-A53D-387A11B195D9}.Release|Any CPU.ActiveCfg = Release|Any CPU
		{60280066-EA22-47A5-A53D-387A11B195D9}.Release|Any CPU.Build.0 = Release|Any CPU
		{FB4C32E1-54CE-4F87-9622-B439550C0640}.Debug|Any CPU.ActiveCfg = Debug|Any CPU
		{FB4C32E1-54CE-4F87-9622-B439550C0640}.Debug|Any CPU.Build.0 = Debug|Any CPU
		{FB4C32E1-54CE-4F87-9622-B439550C0640}.Release|Any CPU.ActiveCfg = Release|Any CPU
		{FB4C32E1-54CE-4F87-9622-B439550C0640}.Release|Any CPU.Build.0 = Release|Any CPU
		{E652451D-2971-4D92-AFED-38A8755D11A8}.Debug|Any CPU.ActiveCfg = Debug|Any CPU
		{E652451D-2971-4D92-AFED-38A8755D11A8}.Debug|Any CPU.Build.0 = Debug|Any CPU
		{E652451D-2971-4D92-AFED-38A8755D11A8}.Release|Any CPU.ActiveCfg = Release|Any CPU
		{E652451D-2971-4D92-AFED-38A8755D11A8}.Release|Any CPU.Build.0 = Release|Any CPU
	EndGlobalSection
	GlobalSection(SolutionProperties) = preSolution
		HideSolutionNode = FALSE
	EndGlobalSection
	GlobalSection(ExtensibilityGlobals) = postSolution
		SolutionGuid = {4BF1B8E3-046E-4DE1-A601-DE3544BF367E}
	EndGlobalSection
EndGlobal
